
Microsoft Visual Studio Solution File, Format Version 12.00
# Visual Studio Express 15 for Windows Desktop
VisualStudioVersion = 15.0.28307.2092
MinimumVisualStudioVersion = 10.0.40219.1
Project("{8BC9CEB8-8B4A-11D0-8D11-00A0C91BC942}") = "위상정렬", "위상정렬\위상정렬.vcxproj", "{D75F2BCA-66F0-4A37-B327-A8D8C2B5369C}"
EndProject
Global
	GlobalSection(SolutionConfigurationPlatforms) = preSolution
		Debug|x64 = Debug|x64
		Debug|x86 = Debug|x86
		Release|x64 = Release|x64
		Release|x86 = Release|x86
	EndGlobalSection
	GlobalSection(ProjectConfigurationPlatforms) = postSolution
		{D75F2BCA-66F0-4A37-B327-A8D8C2B5369C}.Debug|x64.ActiveCfg = Debug|x64
		{D75F2BCA-66F0-4A37-B327-A8D8C2B5369C}.Debug|x64.Build.0 = Debug|x64
		{D75F2BCA-66F0-4A37-B327-A8D8C2B5369C}.Debug|x86.ActiveCfg = Debug|Win32
		{D75F2BCA-66F0-4A37-B327-A8D8C2B5369C}.Debug|x86.Build.0 = Debug|Win32
		{D75F2BCA-66F0-4A37-B327-A8D8C2B5369C}.Release|x64.ActiveCfg = Release|x64
		{D75F2BCA-66F0-4A37-B327-A8D8C2B5369C}.Release|x64.Build.0 = Release|x64
		{D75F2BCA-66F0-4A37-B327-A8D8C2B5369C}.Release|x86.ActiveCfg = Release|Win32
		{D75F2BCA-66F0-4A37-B327-A8D8C2B5369C}.Release|x86.Build.0 = Release|Win32
	EndGlobalSection
	GlobalSection(SolutionProperties) = preSolution
		HideSolutionNode = FALSE
	EndGlobalSection
	GlobalSection(ExtensibilityGlobals) = postSolution
		SolutionGuid = {A5C281AF-3C10-4634-977A-D8B449F20F05}
	EndGlobalSection
EndGlobal
