
Microsoft Visual Studio Solution File, Format Version 12.00
# Visual Studio Express 15 for Windows Desktop
VisualStudioVersion = 15.0.28307.2092
MinimumVisualStudioVersion = 10.0.40219.1
Project("{8BC9CEB8-8B4A-11D0-8D11-00A0C91BC942}") = "백준2178미로탐색", "백준2178미로탐색\백준2178미로탐색.vcxproj", "{FB75422A-0FDC-4F7D-A2E0-240A9DBB649D}"
EndProject
Global
	GlobalSection(SolutionConfigurationPlatforms) = preSolution
		Debug|x64 = Debug|x64
		Debug|x86 = Debug|x86
		Release|x64 = Release|x64
		Release|x86 = Release|x86
	EndGlobalSection
	GlobalSection(ProjectConfigurationPlatforms) = postSolution
		{FB75422A-0FDC-4F7D-A2E0-240A9DBB649D}.Debug|x64.ActiveCfg = Debug|x64
		{FB75422A-0FDC-4F7D-A2E0-240A9DBB649D}.Debug|x64.Build.0 = Debug|x64
		{FB75422A-0FDC-4F7D-A2E0-240A9DBB649D}.Debug|x86.ActiveCfg = Debug|Win32
		{FB75422A-0FDC-4F7D-A2E0-240A9DBB649D}.Debug|x86.Build.0 = Debug|Win32
		{FB75422A-0FDC-4F7D-A2E0-240A9DBB649D}.Release|x64.ActiveCfg = Release|x64
		{FB75422A-0FDC-4F7D-A2E0-240A9DBB649D}.Release|x64.Build.0 = Release|x64
		{FB75422A-0FDC-4F7D-A2E0-240A9DBB649D}.Release|x86.ActiveCfg = Release|Win32
		{FB75422A-0FDC-4F7D-A2E0-240A9DBB649D}.Release|x86.Build.0 = Release|Win32
	EndGlobalSection
	GlobalSection(SolutionProperties) = preSolution
		HideSolutionNode = FALSE
	EndGlobalSection
	GlobalSection(ExtensibilityGlobals) = postSolution
		SolutionGuid = {EAC33880-A9EB-47EB-B543-1013755E67D5}
	EndGlobalSection
EndGlobal
